# This file is automatically @generated by Cargo.
# It is not intended for manual editing.
version = 4

[[package]]
name = "autocfg"
version = "1.5.1"
source = "registry+https://github.com/rust-lang/crates.io-index"
checksum = "f2032f911046de80f0a198e0901378627c33f59ea0ac00e363d481118bd70a53"

[[package]]
name = "bench-harness"
version = "0.1.0"
dependencies = [
 "faer",
 "faer-schur",
 "pulp",
]

[[package]]
name = "bitflags"
version = "2.13.0"
source = "registry+https://github.com/rust-lang/crates.io-index"
checksum = "b4388bee8683e3d04af747c73422af53102d2bd24d9eadb6cbc100baef4b43f8"

[[package]]
name = "bytemuck"
version = "1.25.0"
source = "registry+https://github.com/rust-lang/crates.io-index"
checksum = "c8efb64bd706a16a1bdde310ae86b351e4d21550d98d056f22f8a7f7a2183fec"

[[package]]
name = "cfg-if"
version = "1.0.4"
source = "registry+https://github.com/rust-lang/crates.io-index"
checksum = "9330f8b2ff13f34540b44e946ef35111825727b38d33286ef986142615121801"

[[package]]
name = "dyn-stack"
version = "0.13.2"
source = "registry+https://github.com/rust-lang/crates.io-index"
checksum = "1c4713e43e2886ba72b8271aa66c93d722116acf7a75555cce11dcde84388fe8"
dependencies = [
 "bytemuck",
 "dyn-stack-macros",
]

[[package]]
name = "dyn-stack-macros"
version = "0.1.3"
source = "registry+https://github.com/rust-lang/crates.io-index"
checksum = "e1d926b4d407d372f141f93bb444696142c29d32962ccbd3531117cf3aa0bfa9"

[[package]]
name = "equator"
version = "0.2.2"
source = "registry+https://github.com/rust-lang/crates.io-index"
checksum = "c35da53b5a021d2484a7cc49b2ac7f2d840f8236a286f84202369bd338d761ea"
dependencies = [
 "equator-macro 0.2.1",
]

[[package]]
name = "equator"
version = "0.6.0"
source = "registry+https://github.com/rust-lang/crates.io-index"
checksum = "02da895aab06bbebefb6b2595f6d637b18c9ff629b4cd840965bb3164e4194b0"
dependencies = [
 "equator-macro 0.6.0",
]

[[package]]
name = "equator-macro"
version = "0.2.1"
source = "registry+https://github.com/rust-lang/crates.io-index"
checksum = "3bf679796c0322556351f287a51b49e48f7c4986e727b5dd78c972d30e2e16cc"
dependencies = [
 "proc-macro2",
 "quote",
 "syn",
]

[[package]]
name = "equator-macro"
version = "0.6.0"
source = "registry+https://github.com/rust-lang/crates.io-index"
checksum = "2b14b339eb76d07f052cdbad76ca7c1310e56173a138095d3bf42a23c06ef5d8"

[[package]]
name = "faer"
version = "0.24.4"
dependencies = [
 "bytemuck",
 "dyn-stack",
 "equator 0.6.0",
 "faer-traits",
 "gemm",
 "generativity",
 "libm",
 "nano-gemm",
 "num-complex",
 "num-traits",
 "pulp",
 "reborrow",
]

[[package]]
name = "faer-schur"
version = "0.1.0"
dependencies = [
 "faer",
]

[[package]]
name = "faer-traits"
version = "0.24.0"
dependencies = [
 "bytemuck",
 "dyn-stack",
 "generativity",
 "libm",
 "num-complex",
 "num-traits",
 "pulp",
 "qd",
 "reborrow",
]

[[package]]
name = "gemm"
version = "0.19.0"
source = "registry+https://github.com/rust-lang/crates.io-index"
checksum = "aa0673db364b12263d103b68337a68fbecc541d6f6b61ba72fe438654709eacb"
dependencies = [
 "dyn-stack",
 "gemm-c32",
 "gemm-c64",
 "gemm-common",
 "gemm-f32",
 "gemm-f64",
 "num-complex",
 "num-traits",
 "paste",
 "raw-cpuid",
 "seq-macro",
]

[[package]]
name = "gemm-c32"
version = "0.19.0"
source = "registry+https://github.com/rust-lang/crates.io-index"
checksum = "086936dbdcb99e37aad81d320f98f670e53c1e55a98bee70573e83f95beb128c"
dependencies = [
 "dyn-stack",
 "gemm-common",
 "num-complex",
 "num-traits",
 "paste",
 "raw-cpuid",
 "seq-macro",
]

[[package]]
name = "gemm-c64"
version = "0.19.0"
source = "registry+https://github.com/rust-lang/crates.io-index"
checksum = "20c8aeeeec425959bda4d9827664029ba1501a90a0d1e6228e48bef741db3a3f"
dependencies = [
 "dyn-stack",
 "gemm-common",
 "num-complex",
 "num-traits",
 "paste",
 "raw-cpuid",
 "seq-macro",
]

[[package]]
name = "gemm-common"
version = "0.19.0"
source = "registry+https://github.com/rust-lang/crates.io-index"
checksum = "88027625910cc9b1085aaaa1c4bc46bb3a36aad323452b33c25b5e4e7c8e2a3e"
dependencies = [
 "bytemuck",
 "dyn-stack",
 "libm",
 "num-complex",
 "num-traits",
 "once_cell",
 "paste",
 "pulp",
 "raw-cpuid",
 "seq-macro",
]

[[package]]
name = "gemm-f32"
version = "0.19.0"
source = "registry+https://github.com/rust-lang/crates.io-index"
checksum = "02e0b8c9da1fbec6e3e3ab2ce6bc259ef18eb5f6f0d3e4edf54b75f9fd41a81c"
dependencies = [
 "dyn-stack",
 "gemm-common",
 "num-complex",
 "num-traits",
 "paste",
 "raw-cpuid",
 "seq-macro",
]

[[package]]
name = "gemm-f64"
version = "0.19.0"
source = "registry+https://github.com/rust-lang/crates.io-index"
checksum = "056131e8f2a521bfab322f804ccd652520c79700d81209e9d9275bbdecaadc6a"
dependencies = [
 "dyn-stack",
 "gemm-common",
 "num-complex",
 "num-traits",
 "paste",
 "raw-cpuid",
 "seq-macro",
]

[[package]]
name = "generativity"
version = "1.2.1"
source = "registry+https://github.com/rust-lang/crates.io-index"
checksum = "d2c81fb5260e37854d09d5c87183309fd8c555b75289427884b25660bc87a85e"

[[package]]
name = "libm"
version = "0.2.16"
source = "registry+https://github.com/rust-lang/crates.io-index"
checksum = "b6d2cec3eae94f9f509c767b45932f1ada8350c4bdb85af2fcab4a3c14807981"

[[package]]
name = "nano-gemm"
version = "0.2.2"
source = "registry+https://github.com/rust-lang/crates.io-index"
checksum = "9e04345dc84b498ff89fe0d38543d1f170da9e43a2c2bcee73a0f9069f72d081"
dependencies = [
 "equator 0.2.2",
 "nano-gemm-c32",
 "nano-gemm-c64",
 "nano-gemm-codegen",
 "nano-gemm-core",
 "nano-gemm-f32",
 "nano-gemm-f64",
 "num-complex",
]

[[package]]
name = "nano-gemm-c32"
version = "0.2.1"
source = "registry+https://github.com/rust-lang/crates.io-index"
checksum = "0775b1e2520e64deee8fc78b7732e3091fb7585017c0b0f9f4b451757bbbc562"
dependencies = [
 "nano-gemm-codegen",
 "nano-gemm-core",
 "num-complex",
]

[[package]]
name = "nano-gemm-c64"
version = "0.2.1"
source = "registry+https://github.com/rust-lang/crates.io-index"
checksum = "9af49a20d58816e6b5ee65f64142e50edb5eba152678d4bb7377fcbf63f8437a"
dependencies = [
 "nano-gemm-codegen",
 "nano-gemm-core",
 "num-complex",
]

[[package]]
name = "nano-gemm-codegen"
version = "0.2.1"
source = "registry+https://github.com/rust-lang/crates.io-index"
checksum = "6cc8d495c791627779477a2cf5df60049f5b165342610eb0d76bee5ff5c5d74c"

[[package]]
name = "nano-gemm-core"
version = "0.2.1"
source = "registry+https://github.com/rust-lang/crates.io-index"
checksum = "d998dfa644de87a0f8660e5ea511d7cb5c33b5a2d9847b7af57a2565105089f0"

[[package]]
name = "nano-gemm-f32"
version = "0.2.1"
source = "registry+https://github.com/rust-lang/crates.io-index"
checksum = "879d962e79bc8952e4ad21ca4845a21132540ed3f5e01184b2ff7f720e666523"
dependencies = [
 "nano-gemm-codegen",
 "nano-gemm-core",
]

[[package]]
name = "nano-gemm-f64"
version = "0.2.1"
source = "registry+https://github.com/rust-lang/crates.io-index"
checksum = "b9a513473dce7dc00c7e7c318481ca4494034e76997218d8dad51bd9f007a815"
dependencies = [
 "nano-gemm-codegen",
 "nano-gemm-core",
]

[[package]]
name = "num-complex"
version = "0.4.6"
source = "registry+https://github.com/rust-lang/crates.io-index"
checksum = "73f88a1307638156682bada9d7604135552957b7818057dcef22705b4d509495"
dependencies = [
 "bytemuck",
 "num-traits",
]

[[package]]
name = "num-traits"
version = "0.2.19"
source = "registry+https://github.com/rust-lang/crates.io-index"
checksum = "071dfc062690e90b734c0b2273ce72ad0ffa95f0c74596bc250dcfd960262841"
dependencies = [
 "autocfg",
]

[[package]]
name = "once_cell"
version = "1.21.4"
source = "registry+https://github.com/rust-lang/crates.io-index"
checksum = "9f7c3e4beb33f85d45ae3e3a1792185706c8e16d043238c593331cc7cd313b50"

[[package]]
name = "paste"
version = "1.0.15"
source = "registry+https://github.com/rust-lang/crates.io-index"
checksum = "57c0d7b74b563b49d38dae00a0c37d4d6de9b432382b2892f0574ddcae73fd0a"

[[package]]
name = "proc-macro2"
version = "1.0.106"
source = "registry+https://github.com/rust-lang/crates.io-index"
checksum = "8fd00f0bb2e90d81d1044c2b32617f68fcb9fa3bb7640c23e9c748e53fb30934"
dependencies = [
 "unicode-ident",
]

[[package]]
name = "pulp"
version = "0.22.3"
dependencies = [
 "bytemuck",
 "cfg-if",
 "libm",
 "num-complex",
 "paste",
 "pulp-wasm-simd-flag",
 "raw-cpuid",
 "reborrow",
 "version_check",
]

[[package]]
name = "pulp-wasm-simd-flag"
version = "0.1.1"

[[package]]
name = "qd"
version = "0.8.0"
source = "registry+https://github.com/rust-lang/crates.io-index"
checksum = "15f1304a5aecdcfe9ee72fbba90aa37b3aa067a69d14cb7f3d9deada0be7c07c"
dependencies = [
 "bytemuck",
 "libm",
 "num-traits",
 "pulp",
]

[[package]]
name = "quote"
version = "1.0.46"
source = "registry+https://github.com/rust-lang/crates.io-index"
checksum = "dfbc457d0c7a0759a614551b11a6409e5951f6c7537be1f1b7682b9ae9230368"
dependencies = [
 "proc-macro2",
]

[[package]]
name = "raw-cpuid"
version = "11.6.0"
source = "registry+https://github.com/rust-lang/crates.io-index"
checksum = "498cd0dc59d73224351ee52a95fee0f1a617a2eae0e7d9d720cc622c73a54186"
dependencies = [
 "bitflags",
]

[[package]]
name = "reborrow"
version = "0.5.5"
source = "registry+https://github.com/rust-lang/crates.io-index"
checksum = "03251193000f4bd3b042892be858ee50e8b3719f2b08e5833ac4353724632430"

[[package]]
name = "seq-macro"
version = "0.3.6"
source = "registry+https://github.com/rust-lang/crates.io-index"
checksum = "1bc711410fbe7399f390ca1c3b60ad0f53f80e95c5eb935e52268a0e2cd49acc"

[[package]]
name = "syn"
version = "2.0.118"
source = "registry+https://github.com/rust-lang/crates.io-index"
checksum = "1b9ae57f904213ebb649ce6895b8a66c66f0203b9319718f69a5612a065b1422"
dependencies = [
 "proc-macro2",
 "quote",
 "unicode-ident",
]

[[package]]
name = "unicode-ident"
version = "1.0.24"
source = "registry+https://github.com/rust-lang/crates.io-index"
checksum = "e6e4313cd5fcd3dad5cafa179702e2b244f760991f45397d14d4ebf38247da75"

[[package]]
name = "version_check"
version = "0.9.5"
source = "registry+https://github.com/rust-lang/crates.io-index"
checksum = "0b928f33d975fc6ad9f86c8f283853ad26bdd5b10b7f1542aa2fa15e2289105a"
